<?xml version="1.0" encoding="utf-8"?>
<Project ToolsVersion="4.0" xmlns="http://schemas.microsoft.com/developer/msbuild/2003">
  <ItemGroup>
    <Filter Include="源文件">
      <UniqueIdentifier>{fa8293c1-47a0-46f4-bb6d-4e3a68d39c7a}</UniqueIdentifier>
    </Filter>
    <Filter Include="头文件">
      <UniqueIdentifier>{a2440965-7cc3-40d0-bb37-8bf32f845c16}</UniqueIdentifier>
    </Filter>
  </ItemGroup>
  <ItemGroup>
    <ClInclude Include="..\include\typeconvert.h">
      <Filter>头文件</Filter>
    </ClInclude>
    <ClInclude Include="..\include\wav.h">
      <Filter>头文件</Filter>
    </ClInclude>
    <ClInclude Include="..\include\instruction_func.h">
      <Filter>头文件</Filter>
    </ClInclude>
    <ClInclude Include="..\include\SSE_AVX_C.h">
      <Filter>头文件</Filter>
    </ClInclude>
    <ClInclude Include="..\include\VA_OPT.h">
      <Filter>头文件</Filter>
    </ClInclude>
  </ItemGroup>
  <ItemGroup>
    <ClCompile Include="..\main.cpp">
      <Filter>源文件</Filter>
    </ClCompile>
    <ClCompile Include="..\src\wav.cpp">
      <Filter>源文件</Filter>
    </ClCompile>
    <ClCompile Include="..\src\instruction_func.cpp">
      <Filter>源文件</Filter>
    </ClCompile>
    <ClCompile Include="..\src\SSE_AVX_C.cpp">
      <Filter>源文件</Filter>
    </ClCompile>
  </ItemGroup>
</Project>